
Microsoft Visual Studio Solution File, Format Version 12.00
# Visual Studio Version 16
VisualStudioVersion = 16.0.32630.194
MinimumVisualStudioVersion = 10.0.40219.1
Project("{9A19103F-16F7-4668-BE54-9A1E7A4F7556}") = "Sms", "Sms\Sms.csproj", "{DD9DE979-5E39-4D1F-BDEE-78F164D19875}"
EndProject
Project("{9A19103F-16F7-4668-BE54-9A1E7A4F7556}") = "SmsTester", "SmsTester\SmsTester.csproj", "{1C5E09D2-8C94-4D9F-B60C-E507350F8519}"
EndProject
Project("{FAE04EC0-301F-11D3-BF4B-00C04F79EFBC}") = "SmsSenderService", "SmsSenderService\SmsSenderService.csproj", "{D686FEB5-0920-4248-A61B-E03BAE318712}"
EndProject
Global
	GlobalSection(SolutionConfigurationPlatforms) = preSolution
		Debug|Any CPU = Debug|Any CPU
		Release|Any CPU = Release|Any CPU
	EndGlobalSection
	GlobalSection(ProjectConfigurationPlatforms) = postSolution
		{DD9DE979-5E39-4D1F-BDEE-78F164D19875}.Debug|Any CPU.ActiveCfg = Debug|Any CPU
		{DD9DE979-5E39-4D1F-BDEE-78F164D19875}.Debug|Any CPU.Build.0 = Debug|Any CPU
		{DD9DE979-5E39-4D1F-BDEE-78F164D19875}.Release|Any CPU.ActiveCfg = Release|Any CPU
		{DD9DE979-5E39-4D1F-BDEE-78F164D19875}.Release|Any CPU.Build.0 = Release|Any CPU
		{1C5E09D2-8C94-4D9F-B60C-E507350F8519}.Debug|Any CPU.ActiveCfg = Debug|Any CPU
		{1C5E09D2-8C94-4D9F-B60C-E507350F8519}.Debug|Any CPU.Build.0 = Debug|Any CPU
		{1C5E09D2-8C94-4D9F-B60C-E507350F8519}.Release|Any CPU.ActiveCfg = Release|Any CPU
		{1C5E09D2-8C94-4D9F-B60C-E507350F8519}.Release|Any CPU.Build.0 = Release|Any CPU
		{D686FEB5-0920-4248-A61B-E03BAE318712}.Debug|Any CPU.ActiveCfg = Debug|Any CPU
		{D686FEB5-0920-4248-A61B-E03BAE318712}.Debug|Any CPU.Build.0 = Debug|Any CPU
		{D686FEB5-0920-4248-A61B-E03BAE318712}.Release|Any CPU.ActiveCfg = Release|Any CPU
		{D686FEB5-0920-4248-A61B-E03BAE318712}.Release|Any CPU.Build.0 = Release|Any CPU
	EndGlobalSection
	GlobalSection(SolutionProperties) = preSolution
		HideSolutionNode = FALSE
	EndGlobalSection
	GlobalSection(ExtensibilityGlobals) = postSolution
		SolutionGuid = {EC553A1E-4368-4164-A2AA-9961617F7543}
	EndGlobalSection
EndGlobal
